// !$*UTF8*$!
{
	archiveVersion = 1;
	classes = {
	};
	objectVersion = 46;
	objects = {

/* Begin PBXBuildFile section */
		CD4CC4421BF9E91F00F64E25 /* main.m in Sources */ = {isa = PBXBuildFile; fileRef = CD4CC4411BF9E91F00F64E25 /* main.m */; };
		CD4CC4451BF9E91F00F64E25 /* AppDelegate.m in Sources */ = {isa = PBXBuildFile; fileRef = CD4CC4441BF9E91F00F64E25 /* AppDelegate.m */; };
		CD4CC4481BF9E91F00F64E25 /* ViewController.m in Sources */ = {isa = PBXBuildFile; fileRef = CD4CC4471BF9E91F00F64E25 /* ViewController.m */; };
		CD4CC44B1BF9E91F00F64E25 /* Main.storyboard in Resources */ = {isa = PBXBuildFile; fileRef = CD4CC4491BF9E91F00F64E25 /* Main.storyboard */; };
		CD4CC44D1BF9E91F00F64E25 /* Assets.xcassets in Resources */ = {isa = PBXBuildFile; fileRef = CD4CC44C1BF9E91F00F64E25 /* Assets.xcassets */; };
		CD4CC4501BF9E91F00F64E25 /* LaunchScreen.storyboard in Resources */ = {isa = PBXBuildFile; fileRef = CD4CC44E1BF9E91F00F64E25 /* LaunchScreen.storyboard */; };
/* End PBXBuildFile section */

/* Begin PBXFileReference section */
		CD4CC43D1BF9E91F00F64E25 /* day02-01-图片折叠.app */ = {isa = PBXFileReference; explicitFileType = wrapper.application; includeInIndex = 0; path = "day02-01-图片折叠.app"; sourceTree = BUILT_PRODUCTS_DIR; };
		CD4CC4411BF9E91F00F64E25 /* main.m */ = {isa = PBXFileReference; lastKnownFileType = sourcecode.c.objc; path = main.m; sourceTree = "<group>"; };
		CD4CC4431BF9E91F00F64E25 /* AppDelegate.h */ = {isa = PBXFileReference; lastKnownFileType = sourcecode.c.h; path = AppDelegate.h; sourceTree = "<group>"; };
		CD4CC4441BF9E91F00F64E25 /* AppDelegate.m */ = {isa = PBXFileReference; lastKnownFileType = sourcecode.c.objc; path = AppDelegate.m; sourceTree = "<group>"; };
		CD4CC4461BF9E91F00F64E25 /* ViewController.h */ = {isa = PBXFileReference; lastKnownFileType = sourcecode.c.h; path = ViewController.h; sourceTree = "<group>"; };
		CD4CC4471BF9E91F00F64E25 /* ViewController.m */ = {isa = PBXFileReference; lastKnownFileType = sourcecode.c.objc; path = ViewController.m; sourceTree = "<group>"; };
		CD4CC44A1BF9E91F00F64E25 /* Base */ = {isa = PBXFileReference; lastKnownFileType = file.storyboard; name = Base; path = Base.lproj/Main.storyboard; sourceTree = "<group>"; };
		CD4CC44C1BF9E91F00F64E25 /* Assets.xcassets */ = {isa = PBXFileReference; lastKnownFileType = folder.assetcatalog; path = Assets.xcassets; sourceTree = "<group>"; };
		CD4CC44F1BF9E91F00F64E25 /* Base */ = {isa = PBXFileReference; lastKnownFileType = file.storyboard; name = Base; path = Base.lproj/LaunchScreen.storyboard; sourceTree = "<group>"; };
		CD4CC4511BF9E91F00F64E25 /* Info.plist */ = {isa = PBXFileReference; lastKnownFileType = text.plist.xml; path = Info.plist; sourceTree = "<group>"; };
/* End PBXFileReference section */

/* Begin PBXFrameworksBuildPhase section */
		CD4CC43A1BF9E91F00F64E25 /* Frameworks */ = {
			isa = PBXFrameworksBuildPhase;
			buildActionMask = 2147483647;
			files = (
			);
			runOnlyForDeploymentPostprocessing = 0;
		};
/* End PBXFrameworksBuildPhase section */

/* Begin PBXGroup section */
		CD4CC4341BF9E91F00F64E25 = {
			isa = PBXGroup;
			children = (
				CD4CC43F1BF9E91F00F64E25 /* day02-01-图片折叠 */,
				CD4CC43E1BF9E91F00F64E25 /* Products */,
			);
			sourceTree = "<group>";
		};
		CD4CC43E1BF9E91F00F64E25 /* Products */ = {
			isa = PBXGroup;
			children = (
				CD4CC43D1BF9E91F00F64E25 /* day02-01-图片折叠.app */,
			);
			name = Products;
			sourceTree = "<group>";
		};
		CD4CC43F1BF9E91F00F64E25 /* day02-01-图片折叠 */ = {
			isa = PBXGroup;
			children = (
				CD4CC4431BF9E91F00F64E25 /* AppDelegate.h */,
				CD4CC4441BF9E91F00F64E25 /* AppDelegate.m */,
				CD4CC4461BF9E91F00F64E25 /* ViewController.h */,
				CD4CC4471BF9E91F00F64E25 /* ViewController.m */,
				CD4CC4491BF9E91F00F64E25 /* Main.storyboard */,
				CD4CC44C1BF9E91F00F64E25 /* Assets.xcassets */,
				CD4CC44E1BF9E91F00F64E25 /* LaunchScreen.storyboard */,
				CD4CC4511BF9E91F00F64E25 /* Info.plist */,
				CD4CC4401BF9E91F00F64E25 /* Supporting Files */,
			);
			path = "day02-01-图片折叠";
			sourceTree = "<group>";
		};
		CD4CC4401BF9E91F00F64E25 /* Supporting Files */ = {
			isa = PBXGroup;
			children = (
				CD4CC4411BF9E91F00F64E25 /* main.m */,
			);
			name = "Supporting Files";
			sourceTree = "<group>";
		};
/* End PBXGroup section */

/* Begin PBXNativeTarget section */
		CD4CC43C1BF9E91F00F64E25 /* day02-01-图片折叠 */ = {
			isa = PBXNativeTarget;
			buildConfigurationList = CD4CC4541BF9E91F00F64E25 /* Build configuration list for PBXNativeTarget "day02-01-图片折叠" */;
			buildPhases = (
				CD4CC4391BF9E91F00F64E25 /* Sources */,
				CD4CC43A1BF9E91F00F64E25 /* Frameworks */,
				CD4CC43B1BF9E91F00F64E25 /* Resources */,
			);
			buildRules = (
			);
			dependencies = (
			);
			name = "day02-01-图片折叠";
			productName = "day02-01-图片折叠";
			productReference = CD4CC43D1BF9E91F00F64E25 /* day02-01-图片折叠.app */;
			productType = "com.apple.product-type.application";
		};
/* End PBXNativeTarget section */

/* Begin PBXProject section */
		CD4CC4351BF9E91F00F64E25 /* Project object */ = {
			isa = PBXProject;
			attributes = {
				CLASSPREFIX = LY;
				LastUpgradeCheck = 0920;
				ORGANIZATIONNAME = DeveloperLY;
				TargetAttributes = {
					CD4CC43C1BF9E91F00F64E25 = {
						CreatedOnToolsVersion = 7.0;
						DevelopmentTeam = 8US88264BA;
					};
				};
			};
			buildConfigurationList = CD4CC4381BF9E91F00F64E25 /* Build configuration list for PBXProject "day02-01-图片折叠" */;
			compatibilityVersion = "Xcode 3.2";
			developmentRegion = English;
			hasScannedForEncodings = 0;
			knownRegions = (
				en,
				Base,
			);
			mainGroup = CD4CC4341BF9E91F00F64E25;
			productRefGroup = CD4CC43E1BF9E91F00F64E25 /* Products */;
			projectDirPath = "";
			projectRoot = "";
			targets = (
				CD4CC43C1BF9E91F00F64E25 /* day02-01-图片折叠 */,
			);
		};
/* End PBXProject section */

/* Begin PBXResourcesBuildPhase section */
		CD4CC43B1BF9E91F00F64E25 /* Resources */ = {
			isa = PBXResourcesBuildPhase;
			buildActionMask = 2147483647;
			files = (
				CD4CC4501BF9E91F00F64E25 /* LaunchScreen.storyboard in Resources */,
				CD4CC44D1BF9E91F00F64E25 /* Assets.xcassets in Resources */,
				CD4CC44B1BF9E91F00F64E25 /* Main.storyboard in Resources */,
			);
			runOnlyForDeploymentPostprocessing = 0;
		};
/* End PBXResourcesBuildPhase section */

/* Begin PBXSourcesBuildPhase section */
		CD4CC4391BF9E91F00F64E25 /* Sources */ = {
			isa = PBXSourcesBuildPhase;
			buildActionMask = 2147483647;
			files = (
				CD4CC4481BF9E91F00F64E25 /* ViewController.m in Sources */,
				CD4CC4451BF9E91F00F64E25 /* AppDelegate.m in Sources */,
				CD4CC4421BF9E91F00F64E25 /* main.m in Sources */,
			);
			runOnlyForDeploymentPostprocessing = 0;
		};
/* End PBXSourcesBuildPhase section */

/* Begin PBXVariantGroup section */
		CD4CC4491BF9E91F00F64E25 /* Main.storyboard */ = {
			isa = PBXVariantGroup;
			children = (
				CD4CC44A1BF9E91F00F64E25 /* Base */,
			);
			name = Main.storyboard;
			sourceTree = "<group>";
		};
		CD4CC44E1BF9E91F00F64E25 /* LaunchScreen.storyboard */ = {
			isa = PBXVariantGroup;
			children = (
				CD4CC44F1BF9E91F00F64E25 /* Base */,
			);
			name = LaunchScreen.storyboard;
			sourceTree = "<group>";
		};
/* End PBXVariantGroup section */

/* Begin XCBuildConfiguration section */
		CD4CC4521BF9E91F00F64E25 /* Debug */ = {
			isa = XCBuildConfiguration;
			buildSettings = {
				ALWAYS_SEARCH_USER_PATHS = NO;
				CLANG_CXX_LANGUAGE_STANDARD = "gnu++0x";
				CLANG_CXX_LIBRARY = "libc++";
				CLANG_ENABLE_MODULES = YES;
				CLANG_ENABLE_OBJC_ARC = YES;
				CLANG_WARN_BLOCK_CAPTURE_AUTORELEASING = YES;
				CLANG_WARN_BOOL_CONVERSION = YES;
				CLANG_WARN_COMMA = YES;
				CLANG_WARN_CONSTANT_CONVERSION = YES;
				CLANG_WARN_DIRECT_OBJC_ISA_USAGE = YES_ERROR;
				CLANG_WARN_EMPTY_BODY = YES;
				CLANG_WARN_ENUM_CONVERSION = YES;
				CLANG_WARN_INFINITE_RECURSION = YES;
				CLANG_WARN_INT_CONVERSION = YES;
				CLANG_WARN_NON_LITERAL_NULL_CONVERSION = YES;
				CLANG_WARN_OBJC_LITERAL_CONVERSION = YES;
				CLANG_WARN_OBJC_ROOT_CLASS = YES_ERROR;
				CLANG_WARN_RANGE_LOOP_ANALYSIS = YES;
				CLANG_WARN_STRICT_PROTOTYPES = YES;
				CLANG_WARN_SUSPICIOUS_MOVE = YES;
				CLANG_WARN_UNREACHABLE_CODE = YES;
				CLANG_WARN__DUPLICATE_METHOD_MATCH = YES;
				"CODE_SIGN_IDENTITY[sdk=iphoneos*]" = "iPhone Developer";
				COPY_PHASE_STRIP = NO;
				DEBUG_INFORMATION_FORMAT = dwarf;
				ENABLE_STRICT_OBJC_MSGSEND = YES;
				ENABLE_TESTABILITY = YES;
				GCC_C_LANGUAGE_STANDARD = gnu99;
				GCC_DYNAMIC_NO_PIC = NO;
				GCC_NO_COMMON_BLOCKS = YES;
				GCC_OPTIMIZATION_LEVEL = 0;
				GCC_PREPROCESSOR_DEFINITIONS = (
					"DEBUG=1",
					"$(inherited)",
				);
				GCC_WARN_64_TO_32_BIT_CONVERSION = YES;
				GCC_WARN_ABOUT_RETURN_TYPE = YES_ERROR;
				GCC_WARN_UNDECLARED_SELECTOR = YES;
				GCC_WARN_UNINITIALIZED_AUTOS = YES_AGGRESSIVE;
				GCC_WARN_UNUSED_FUNCTION = YES;
				GCC_WARN_UNUSED_VARIABLE = YES;
				IPHONEOS_DEPLOYMENT_TARGET = 9.0;
				MTL_ENABLE_DEBUG_INFO = YES;
				ONLY_ACTIVE_ARCH = YES;
				SDKROOT = iphoneos;
			};
			name = Debug;
		};
		CD4CC4531BF9E91F00F64E25 /* Release */ = {
			isa = XCBuildConfiguration;
			buildSettings = {
				ALWAYS_SEARCH_USER_PATHS = NO;
				CLANG_CXX_LANGUAGE_STANDARD = "gnu++0x";
				CLANG_CXX_LIBRARY = "libc++";
				CLANG_ENABLE_MODULES = YES;
				CLANG_ENABLE_OBJC_ARC = YES;
				CLANG_WARN_BLOCK_CAPTURE_AUTORELEASING = YES;
				CLANG_WARN_BOOL_CONVERSION = YES;
				CLANG_WARN_COMMA = YES;
				CLANG_WARN_CONSTANT_CONVERSION = YES;
				CLANG_WARN_DIRECT_OBJC_ISA_USAGE = YES_ERROR;
				CLANG_WARN_EMPTY_BODY = YES;
				CLANG_WARN_ENUM_CONVERSION = YES;
				CLANG_WARN_INFINITE_RECURSION = YES;
				CLANG_WARN_INT_CONVERSION = YES;
				CLANG_WARN_NON_LITERAL_NULL_CONVERSION = YES;
				CLANG_WARN_OBJC_LITERAL_CONVERSION = YES;
				CLANG_WARN_OBJC_ROOT_CLASS = YES_ERROR;
				CLANG_WARN_RANGE_LOOP_ANALYSIS = YES;
				CLANG_WARN_STRICT_PROTOTYPES = YES;
				CLANG_WARN_SUSPICIOUS_MOVE = YES;
				CLANG_WARN_UNREACHABLE_CODE = YES;
				CLANG_WARN__DUPLICATE_METHOD_MATCH = YES;
				"CODE_SIGN_IDENTITY[sdk=iphoneos*]" = "iPhone Developer";
				COPY_PHASE_STRIP = NO;
				DEBUG_INFORMATION_FORMAT = "dwarf-with-dsym";
				ENABLE_NS_ASSERTIONS = NO;
				ENABLE_STRICT_OBJC_MSGSEND = YES;
				GCC_C_LANGUAGE_STANDARD = gnu99;
				GCC_NO_COMMON_BLOCKS = YES;
				GCC_WARN_64_TO_32_BIT_CONVERSION = YES;
				GCC_WARN_ABOUT_RETURN_TYPE = YES_ERROR;
				GCC_WARN_UNDECLARED_SELECTOR = YES;
				GCC_WARN_UNINITIALIZED_AUTOS = YES_AGGRESSIVE;
				GCC_WARN_UNUSED_FUNCTION = YES;
				GCC_WARN_UNUSED_VARIABLE = YES;
				IPHONEOS_DEPLOYMENT_TARGET = 9.0;
				MTL_ENABLE_DEBUG_INFO = NO;
				SDKROOT = iphoneos;
				VALIDATE_PRODUCT = YES;
			};
			name = Release;
		};
		CD4CC4551BF9E91F00F64E25 /* Debug */ = {
			isa = XCBuildConfiguration;
			buildSettings = {
				ASSETCATALOG_COMPILER_APPICON_NAME = AppIcon;
				INFOPLIST_FILE = "day02-01-图片折叠/Info.plist";
				LD_RUNPATH_SEARCH_PATHS = "$(inherited) @executable_path/Frameworks";
				PRODUCT_BUNDLE_IDENTIFIER = net.developerly.demo1;
				PRODUCT_NAME = "$(TARGET_NAME)";
			};
			name = Debug;
		};
		CD4CC4561BF9E91F00F64E25 /* Release */ = {
			isa = XCBuildConfiguration;
			buildSettings = {
				ASSETCATALOG_COMPILER_APPICON_NAME = AppIcon;
				INFOPLIST_FILE = "day02-01-图片折叠/Info.plist";
				LD_RUNPATH_SEARCH_PATHS = "$(inherited) @executable_path/Frameworks";
				PRODUCT_BUNDLE_IDENTIFIER = net.developerly.demo1;
				PRODUCT_NAME = "$(TARGET_NAME)";
			};
			name = Release;
		};
/* End XCBuildConfiguration section */

/* Begin XCConfigurationList section */
		CD4CC4381BF9E91F00F64E25 /* Build configuration list for PBXProject "day02-01-图片折叠" */ = {
			isa = XCConfigurationList;
			buildConfigurations = (
				CD4CC4521BF9E91F00F64E25 /* Debug */,
				CD4CC4531BF9E91F00F64E25 /* Release */,
			);
			defaultConfigurationIsVisible = 0;
			defaultConfigurationName = Release;
		};
		CD4CC4541BF9E91F00F64E25 /* Build configuration list for PBXNativeTarget "day02-01-图片折叠" */ = {
			isa = XCConfigurationList;
			buildConfigurations = (
				CD4CC4551BF9E91F00F64E25 /* Debug */,
				CD4CC4561BF9E91F00F64E25 /* Release */,
			);
			defaultConfigurationIsVisible = 0;
			defaultConfigurationName = Release;
		};
/* End XCConfigurationList section */
	};
	rootObject = CD4CC4351BF9E91F00F64E25 /* Project object */;
}
