// !$*UTF8*$!
{
	archiveVersion = 1;
	classes = {
	};
	objectVersion = 46;
	objects = {

/* Begin PBXBuildFile section */
		CDDDF8501BF75244001B6232 /* main.m in Sources */ = {isa = PBXBuildFile; fileRef = CDDDF84F1BF75244001B6232 /* main.m */; };
		CDDDF8531BF75244001B6232 /* AppDelegate.m in Sources */ = {isa = PBXBuildFile; fileRef = CDDDF8521BF75244001B6232 /* AppDelegate.m */; };
		CDDDF8561BF75244001B6232 /* ViewController.m in Sources */ = {isa = PBXBuildFile; fileRef = CDDDF8551BF75244001B6232 /* ViewController.m */; };
		CDDDF8591BF75244001B6232 /* Main.storyboard in Resources */ = {isa = PBXBuildFile; fileRef = CDDDF8571BF75244001B6232 /* Main.storyboard */; };
		CDDDF85B1BF75244001B6232 /* Assets.xcassets in Resources */ = {isa = PBXBuildFile; fileRef = CDDDF85A1BF75244001B6232 /* Assets.xcassets */; };
		CDDDF85E1BF75244001B6232 /* LaunchScreen.storyboard in Resources */ = {isa = PBXBuildFile; fileRef = CDDDF85C1BF75244001B6232 /* LaunchScreen.storyboard */; };
/* End PBXBuildFile section */

/* Begin PBXFileReference section */
		CDDDF84B1BF75244001B6232 /* day01-01-CALayer基本使用.app */ = {isa = PBXFileReference; explicitFileType = wrapper.application; includeInIndex = 0; path = "day01-01-CALayer基本使用.app"; sourceTree = BUILT_PRODUCTS_DIR; };
		CDDDF84F1BF75244001B6232 /* main.m */ = {isa = PBXFileReference; lastKnownFileType = sourcecode.c.objc; path = main.m; sourceTree = "<group>"; };
		CDDDF8511BF75244001B6232 /* AppDelegate.h */ = {isa = PBXFileReference; lastKnownFileType = sourcecode.c.h; path = AppDelegate.h; sourceTree = "<group>"; };
		CDDDF8521BF75244001B6232 /* AppDelegate.m */ = {isa = PBXFileReference; lastKnownFileType = sourcecode.c.objc; path = AppDelegate.m; sourceTree = "<group>"; };
		CDDDF8541BF75244001B6232 /* ViewController.h */ = {isa = PBXFileReference; lastKnownFileType = sourcecode.c.h; path = ViewController.h; sourceTree = "<group>"; };
		CDDDF8551BF75244001B6232 /* ViewController.m */ = {isa = PBXFileReference; lastKnownFileType = sourcecode.c.objc; path = ViewController.m; sourceTree = "<group>"; };
		CDDDF8581BF75244001B6232 /* Base */ = {isa = PBXFileReference; lastKnownFileType = file.storyboard; name = Base; path = Base.lproj/Main.storyboard; sourceTree = "<group>"; };
		CDDDF85A1BF75244001B6232 /* Assets.xcassets */ = {isa = PBXFileReference; lastKnownFileType = folder.assetcatalog; path = Assets.xcassets; sourceTree = "<group>"; };
		CDDDF85D1BF75244001B6232 /* Base */ = {isa = PBXFileReference; lastKnownFileType = file.storyboard; name = Base; path = Base.lproj/LaunchScreen.storyboard; sourceTree = "<group>"; };
		CDDDF85F1BF75244001B6232 /* Info.plist */ = {isa = PBXFileReference; lastKnownFileType = text.plist.xml; path = Info.plist; sourceTree = "<group>"; };
/* End PBXFileReference section */

/* Begin PBXFrameworksBuildPhase section */
		CDDDF8481BF75244001B6232 /* Frameworks */ = {
			isa = PBXFrameworksBuildPhase;
			buildActionMask = 2147483647;
			files = (
			);
			runOnlyForDeploymentPostprocessing = 0;
		};
/* End PBXFrameworksBuildPhase section */

/* Begin PBXGroup section */
		CDDDF8421BF75244001B6232 = {
			isa = PBXGroup;
			children = (
				CDDDF84D1BF75244001B6232 /* day01-01-CALayer基本使用 */,
				CDDDF84C1BF75244001B6232 /* Products */,
			);
			sourceTree = "<group>";
		};
		CDDDF84C1BF75244001B6232 /* Products */ = {
			isa = PBXGroup;
			children = (
				CDDDF84B1BF75244001B6232 /* day01-01-CALayer基本使用.app */,
			);
			name = Products;
			sourceTree = "<group>";
		};
		CDDDF84D1BF75244001B6232 /* day01-01-CALayer基本使用 */ = {
			isa = PBXGroup;
			children = (
				CDDDF8511BF75244001B6232 /* AppDelegate.h */,
				CDDDF8521BF75244001B6232 /* AppDelegate.m */,
				CDDDF8541BF75244001B6232 /* ViewController.h */,
				CDDDF8551BF75244001B6232 /* ViewController.m */,
				CDDDF8571BF75244001B6232 /* Main.storyboard */,
				CDDDF85A1BF75244001B6232 /* Assets.xcassets */,
				CDDDF85C1BF75244001B6232 /* LaunchScreen.storyboard */,
				CDDDF85F1BF75244001B6232 /* Info.plist */,
				CDDDF84E1BF75244001B6232 /* Supporting Files */,
			);
			path = "day01-01-CALayer基本使用";
			sourceTree = "<group>";
		};
		CDDDF84E1BF75244001B6232 /* Supporting Files */ = {
			isa = PBXGroup;
			children = (
				CDDDF84F1BF75244001B6232 /* main.m */,
			);
			name = "Supporting Files";
			sourceTree = "<group>";
		};
/* End PBXGroup section */

/* Begin PBXNativeTarget section */
		CDDDF84A1BF75244001B6232 /* day01-01-CALayer基本使用 */ = {
			isa = PBXNativeTarget;
			buildConfigurationList = CDDDF8621BF75244001B6232 /* Build configuration list for PBXNativeTarget "day01-01-CALayer基本使用" */;
			buildPhases = (
				CDDDF8471BF75244001B6232 /* Sources */,
				CDDDF8481BF75244001B6232 /* Frameworks */,
				CDDDF8491BF75244001B6232 /* Resources */,
			);
			buildRules = (
			);
			dependencies = (
			);
			name = "day01-01-CALayer基本使用";
			productName = "day01-01-CALayer基本使用";
			productReference = CDDDF84B1BF75244001B6232 /* day01-01-CALayer基本使用.app */;
			productType = "com.apple.product-type.application";
		};
/* End PBXNativeTarget section */

/* Begin PBXProject section */
		CDDDF8431BF75244001B6232 /* Project object */ = {
			isa = PBXProject;
			attributes = {
				CLASSPREFIX = LY;
				LastUpgradeCheck = 0920;
				ORGANIZATIONNAME = DeveloperLY;
				TargetAttributes = {
					CDDDF84A1BF75244001B6232 = {
						CreatedOnToolsVersion = 7.0;
						DevelopmentTeam = VW6LLKQB96;
					};
				};
			};
			buildConfigurationList = CDDDF8461BF75244001B6232 /* Build configuration list for PBXProject "day01-01-CALayer基本使用" */;
			compatibilityVersion = "Xcode 3.2";
			developmentRegion = English;
			hasScannedForEncodings = 0;
			knownRegions = (
				en,
				Base,
			);
			mainGroup = CDDDF8421BF75244001B6232;
			productRefGroup = CDDDF84C1BF75244001B6232 /* Products */;
			projectDirPath = "";
			projectRoot = "";
			targets = (
				CDDDF84A1BF75244001B6232 /* day01-01-CALayer基本使用 */,
			);
		};
/* End PBXProject section */

/* Begin PBXResourcesBuildPhase section */
		CDDDF8491BF75244001B6232 /* Resources */ = {
			isa = PBXResourcesBuildPhase;
			buildActionMask = 2147483647;
			files = (
				CDDDF85E1BF75244001B6232 /* LaunchScreen.storyboard in Resources */,
				CDDDF85B1BF75244001B6232 /* Assets.xcassets in Resources */,
				CDDDF8591BF75244001B6232 /* Main.storyboard in Resources */,
			);
			runOnlyForDeploymentPostprocessing = 0;
		};
/* End PBXResourcesBuildPhase section */

/* Begin PBXSourcesBuildPhase section */
		CDDDF8471BF75244001B6232 /* Sources */ = {
			isa = PBXSourcesBuildPhase;
			buildActionMask = 2147483647;
			files = (
				CDDDF8561BF75244001B6232 /* ViewController.m in Sources */,
				CDDDF8531BF75244001B6232 /* AppDelegate.m in Sources */,
				CDDDF8501BF75244001B6232 /* main.m in Sources */,
			);
			runOnlyForDeploymentPostprocessing = 0;
		};
/* End PBXSourcesBuildPhase section */

/* Begin PBXVariantGroup section */
		CDDDF8571BF75244001B6232 /* Main.storyboard */ = {
			isa = PBXVariantGroup;
			children = (
				CDDDF8581BF75244001B6232 /* Base */,
			);
			name = Main.storyboard;
			sourceTree = "<group>";
		};
		CDDDF85C1BF75244001B6232 /* LaunchScreen.storyboard */ = {
			isa = PBXVariantGroup;
			children = (
				CDDDF85D1BF75244001B6232 /* Base */,
			);
			name = LaunchScreen.storyboard;
			sourceTree = "<group>";
		};
/* End PBXVariantGroup section */

/* Begin XCBuildConfiguration section */
		CDDDF8601BF75244001B6232 /* Debug */ = {
			isa = XCBuildConfiguration;
			buildSettings = {
				ALWAYS_SEARCH_USER_PATHS = NO;
				CLANG_CXX_LANGUAGE_STANDARD = "gnu++0x";
				CLANG_CXX_LIBRARY = "libc++";
				CLANG_ENABLE_MODULES = YES;
				CLANG_ENABLE_OBJC_ARC = YES;
				CLANG_WARN_BLOCK_CAPTURE_AUTORELEASING = YES;
				CLANG_WARN_BOOL_CONVERSION = YES;
				CLANG_WARN_COMMA = YES;
				CLANG_WARN_CONSTANT_CONVERSION = YES;
				CLANG_WARN_DIRECT_OBJC_ISA_USAGE = YES_ERROR;
				CLANG_WARN_EMPTY_BODY = YES;
				CLANG_WARN_ENUM_CONVERSION = YES;
				CLANG_WARN_INFINITE_RECURSION = YES;
				CLANG_WARN_INT_CONVERSION = YES;
				CLANG_WARN_NON_LITERAL_NULL_CONVERSION = YES;
				CLANG_WARN_OBJC_LITERAL_CONVERSION = YES;
				CLANG_WARN_OBJC_ROOT_CLASS = YES_ERROR;
				CLANG_WARN_RANGE_LOOP_ANALYSIS = YES;
				CLANG_WARN_STRICT_PROTOTYPES = YES;
				CLANG_WARN_SUSPICIOUS_MOVE = YES;
				CLANG_WARN_UNREACHABLE_CODE = YES;
				CLANG_WARN__DUPLICATE_METHOD_MATCH = YES;
				"CODE_SIGN_IDENTITY[sdk=iphoneos*]" = "iPhone Developer";
				COPY_PHASE_STRIP = NO;
				DEBUG_INFORMATION_FORMAT = dwarf;
				ENABLE_STRICT_OBJC_MSGSEND = YES;
				ENABLE_TESTABILITY = YES;
				GCC_C_LANGUAGE_STANDARD = gnu99;
				GCC_DYNAMIC_NO_PIC = NO;
				GCC_NO_COMMON_BLOCKS = YES;
				GCC_OPTIMIZATION_LEVEL = 0;
				GCC_PREPROCESSOR_DEFINITIONS = (
					"DEBUG=1",
					"$(inherited)",
				);
				GCC_WARN_64_TO_32_BIT_CONVERSION = YES;
				GCC_WARN_ABOUT_RETURN_TYPE = YES_ERROR;
				GCC_WARN_UNDECLARED_SELECTOR = YES;
				GCC_WARN_UNINITIALIZED_AUTOS = YES_AGGRESSIVE;
				GCC_WARN_UNUSED_FUNCTION = YES;
				GCC_WARN_UNUSED_VARIABLE = YES;
				IPHONEOS_DEPLOYMENT_TARGET = 9.0;
				MTL_ENABLE_DEBUG_INFO = YES;
				ONLY_ACTIVE_ARCH = YES;
				SDKROOT = iphoneos;
			};
			name = Debug;
		};
		CDDDF8611BF75244001B6232 /* Release */ = {
			isa = XCBuildConfiguration;
			buildSettings = {
				ALWAYS_SEARCH_USER_PATHS = NO;
				CLANG_CXX_LANGUAGE_STANDARD = "gnu++0x";
				CLANG_CXX_LIBRARY = "libc++";
				CLANG_ENABLE_MODULES = YES;
				CLANG_ENABLE_OBJC_ARC = YES;
				CLANG_WARN_BLOCK_CAPTURE_AUTORELEASING = YES;
				CLANG_WARN_BOOL_CONVERSION = YES;
				CLANG_WARN_COMMA = YES;
				CLANG_WARN_CONSTANT_CONVERSION = YES;
				CLANG_WARN_DIRECT_OBJC_ISA_USAGE = YES_ERROR;
				CLANG_WARN_EMPTY_BODY = YES;
				CLANG_WARN_ENUM_CONVERSION = YES;
				CLANG_WARN_INFINITE_RECURSION = YES;
				CLANG_WARN_INT_CONVERSION = YES;
				CLANG_WARN_NON_LITERAL_NULL_CONVERSION = YES;
				CLANG_WARN_OBJC_LITERAL_CONVERSION = YES;
				CLANG_WARN_OBJC_ROOT_CLASS = YES_ERROR;
				CLANG_WARN_RANGE_LOOP_ANALYSIS = YES;
				CLANG_WARN_STRICT_PROTOTYPES = YES;
				CLANG_WARN_SUSPICIOUS_MOVE = YES;
				CLANG_WARN_UNREACHABLE_CODE = YES;
				CLANG_WARN__DUPLICATE_METHOD_MATCH = YES;
				"CODE_SIGN_IDENTITY[sdk=iphoneos*]" = "iPhone Developer";
				COPY_PHASE_STRIP = NO;
				DEBUG_INFORMATION_FORMAT = "dwarf-with-dsym";
				ENABLE_NS_ASSERTIONS = NO;
				ENABLE_STRICT_OBJC_MSGSEND = YES;
				GCC_C_LANGUAGE_STANDARD = gnu99;
				GCC_NO_COMMON_BLOCKS = YES;
				GCC_WARN_64_TO_32_BIT_CONVERSION = YES;
				GCC_WARN_ABOUT_RETURN_TYPE = YES_ERROR;
				GCC_WARN_UNDECLARED_SELECTOR = YES;
				GCC_WARN_UNINITIALIZED_AUTOS = YES_AGGRESSIVE;
				GCC_WARN_UNUSED_FUNCTION = YES;
				GCC_WARN_UNUSED_VARIABLE = YES;
				IPHONEOS_DEPLOYMENT_TARGET = 9.0;
				MTL_ENABLE_DEBUG_INFO = NO;
				SDKROOT = iphoneos;
				VALIDATE_PRODUCT = YES;
			};
			name = Release;
		};
		CDDDF8631BF75244001B6232 /* Debug */ = {
			isa = XCBuildConfiguration;
			buildSettings = {
				ASSETCATALOG_COMPILER_APPICON_NAME = AppIcon;
				DEVELOPMENT_TEAM = VW6LLKQB96;
				INFOPLIST_FILE = "day01-01-CALayer基本使用/Info.plist";
				LD_RUNPATH_SEARCH_PATHS = "$(inherited) @executable_path/Frameworks";
				PRODUCT_BUNDLE_IDENTIFIER = "net.developerly.01-CALayer----";
				PRODUCT_NAME = "$(TARGET_NAME)";
			};
			name = Debug;
		};
		CDDDF8641BF75244001B6232 /* Release */ = {
			isa = XCBuildConfiguration;
			buildSettings = {
				ASSETCATALOG_COMPILER_APPICON_NAME = AppIcon;
				DEVELOPMENT_TEAM = VW6LLKQB96;
				INFOPLIST_FILE = "day01-01-CALayer基本使用/Info.plist";
				LD_RUNPATH_SEARCH_PATHS = "$(inherited) @executable_path/Frameworks";
				PRODUCT_BUNDLE_IDENTIFIER = "net.developerly.01-CALayer----";
				PRODUCT_NAME = "$(TARGET_NAME)";
			};
			name = Release;
		};
/* End XCBuildConfiguration section */

/* Begin XCConfigurationList section */
		CDDDF8461BF75244001B6232 /* Build configuration list for PBXProject "day01-01-CALayer基本使用" */ = {
			isa = XCConfigurationList;
			buildConfigurations = (
				CDDDF8601BF75244001B6232 /* Debug */,
				CDDDF8611BF75244001B6232 /* Release */,
			);
			defaultConfigurationIsVisible = 0;
			defaultConfigurationName = Release;
		};
		CDDDF8621BF75244001B6232 /* Build configuration list for PBXNativeTarget "day01-01-CALayer基本使用" */ = {
			isa = XCConfigurationList;
			buildConfigurations = (
				CDDDF8631BF75244001B6232 /* Debug */,
				CDDDF8641BF75244001B6232 /* Release */,
			);
			defaultConfigurationIsVisible = 0;
			defaultConfigurationName = Release;
		};
/* End XCConfigurationList section */
	};
	rootObject = CDDDF8431BF75244001B6232 /* Project object */;
}
